// !$*UTF8*$!
{
	archiveVersion = 1;
	classes = {
	};
	objectVersion = 46;
	objects = {

/* Begin PBXBuildFile section */
		4BB09AA01DA1CA43000E9F5B /* AppDelegate.swift in Sources */ = {isa = PBXBuildFile; fileRef = 4BB09A9F1DA1CA43000E9F5B /* AppDelegate.swift */; };
		4BB09AA21DA1CA43000E9F5B /* ViewController.swift in Sources */ = {isa = PBXBuildFile; fileRef = 4BB09AA11DA1CA43000E9F5B /* ViewController.swift */; };
		4BB09AA51DA1CA43000E9F5B /* Main.storyboard in Resources */ = {isa = PBXBuildFile; fileRef = 4BB09AA31DA1CA43000E9F5B /* Main.storyboard */; };
		4BB09AA81DA1CA43000E9F5B /* PushMyNotice.xcdatamodeld in Sources */ = {isa = PBXBuildFile; fileRef = 4BB09AA61DA1CA43000E9F5B /* PushMyNotice.xcdatamodeld */; };
		4BB09AAA1DA1CA43000E9F5B /* Assets.xcassets in Resources */ = {isa = PBXBuildFile; fileRef = 4BB09AA91DA1CA43000E9F5B /* Assets.xcassets */; };
		4BB09AAD1DA1CA43000E9F5B /* LaunchScreen.storyboard in Resources */ = {isa = PBXBuildFile; fileRef = 4BB09AAB1DA1CA43000E9F5B /* LaunchScreen.storyboard */; };
/* End PBXBuildFile section */

/* Begin PBXFileReference section */
		4BB09A9C1DA1CA43000E9F5B /* PushMyNotice.app */ = {isa = PBXFileReference; explicitFileType = wrapper.application; includeInIndex = 0; path = PushMyNotice.app; sourceTree = BUILT_PRODUCTS_DIR; };
		4BB09A9F1DA1CA43000E9F5B /* AppDelegate.swift */ = {isa = PBXFileReference; lastKnownFileType = sourcecode.swift; path = AppDelegate.swift; sourceTree = "<group>"; };
		4BB09AA11DA1CA43000E9F5B /* ViewController.swift */ = {isa = PBXFileReference; lastKnownFileType = sourcecode.swift; path = ViewController.swift; sourceTree = "<group>"; };
		4BB09AA41DA1CA43000E9F5B /* Base */ = {isa = PBXFileReference; lastKnownFileType = file.storyboard; name = Base; path = Base.lproj/Main.storyboard; sourceTree = "<group>"; };
		4BB09AA71DA1CA43000E9F5B /* PushMyNotice.xcdatamodel */ = {isa = PBXFileReference; lastKnownFileType = wrapper.xcdatamodel; path = PushMyNotice.xcdatamodel; sourceTree = "<group>"; };
		4BB09AA91DA1CA43000E9F5B /* Assets.xcassets */ = {isa = PBXFileReference; lastKnownFileType = folder.assetcatalog; path = Assets.xcassets; sourceTree = "<group>"; };
		4BB09AAC1DA1CA43000E9F5B /* Base */ = {isa = PBXFileReference; lastKnownFileType = file.storyboard; name = Base; path = Base.lproj/LaunchScreen.storyboard; sourceTree = "<group>"; };
		4BB09AAE1DA1CA43000E9F5B /* Info.plist */ = {isa = PBXFileReference; lastKnownFileType = text.plist.xml; path = Info.plist; sourceTree = "<group>"; };
/* End PBXFileReference section */

/* Begin PBXFrameworksBuildPhase section */
		4BB09A991DA1CA43000E9F5B /* Frameworks */ = {
			isa = PBXFrameworksBuildPhase;
			buildActionMask = 2147483647;
			files = (
			);
			runOnlyForDeploymentPostprocessing = 0;
		};
/* End PBXFrameworksBuildPhase section */

/* Begin PBXGroup section */
		4BB09A931DA1CA43000E9F5B = {
			isa = PBXGroup;
			children = (
				4BB09A9E1DA1CA43000E9F5B /* PushMyNotice */,
				4BB09A9D1DA1CA43000E9F5B /* Products */,
			);
			sourceTree = "<group>";
		};
		4BB09A9D1DA1CA43000E9F5B /* Products */ = {
			isa = PBXGroup;
			children = (
				4BB09A9C1DA1CA43000E9F5B /* PushMyNotice.app */,
			);
			name = Products;
			sourceTree = "<group>";
		};
		4BB09A9E1DA1CA43000E9F5B /* PushMyNotice */ = {
			isa = PBXGroup;
			children = (
				4BB09A9F1DA1CA43000E9F5B /* AppDelegate.swift */,
				4BB09AA11DA1CA43000E9F5B /* ViewController.swift */,
				4BB09AA31DA1CA43000E9F5B /* Main.storyboard */,
				4BB09AA91DA1CA43000E9F5B /* Assets.xcassets */,
				4BB09AAB1DA1CA43000E9F5B /* LaunchScreen.storyboard */,
				4BB09AAE1DA1CA43000E9F5B /* Info.plist */,
				4BB09AA61DA1CA43000E9F5B /* PushMyNotice.xcdatamodeld */,
			);
			path = PushMyNotice;
			sourceTree = "<group>";
		};
/* End PBXGroup section */

/* Begin PBXNativeTarget section */
		4BB09A9B1DA1CA43000E9F5B /* PushMyNotice */ = {
			isa = PBXNativeTarget;
			buildConfigurationList = 4BB09AB11DA1CA43000E9F5B /* Build configuration list for PBXNativeTarget "PushMyNotice" */;
			buildPhases = (
				4BB09A981DA1CA43000E9F5B /* Sources */,
				4BB09A991DA1CA43000E9F5B /* Frameworks */,
				4BB09A9A1DA1CA43000E9F5B /* Resources */,
			);
			buildRules = (
			);
			dependencies = (
			);
			name = PushMyNotice;
			productName = PushMyNotice;
			productReference = 4BB09A9C1DA1CA43000E9F5B /* PushMyNotice.app */;
			productType = "com.apple.product-type.application";
		};
/* End PBXNativeTarget section */

/* Begin PBXProject section */
		4BB09A941DA1CA43000E9F5B /* Project object */ = {
			isa = PBXProject;
			attributes = {
				LastSwiftUpdateCheck = 0800;
				LastUpgradeCheck = 0800;
				ORGANIZATIONNAME = "Kel Robertson";
				TargetAttributes = {
					4BB09A9B1DA1CA43000E9F5B = {
						CreatedOnToolsVersion = 8.0;
						DevelopmentTeam = 2UZU9RG3VG;
						ProvisioningStyle = Automatic;
					};
				};
			};
			buildConfigurationList = 4BB09A971DA1CA43000E9F5B /* Build configuration list for PBXProject "PushMyNotice" */;
			compatibilityVersion = "Xcode 3.2";
			developmentRegion = English;
			hasScannedForEncodings = 0;
			knownRegions = (
				en,
				Base,
			);
			mainGroup = 4BB09A931DA1CA43000E9F5B;
			productRefGroup = 4BB09A9D1DA1CA43000E9F5B /* Products */;
			projectDirPath = "";
			projectRoot = "";
			targets = (
				4BB09A9B1DA1CA43000E9F5B /* PushMyNotice */,
			);
		};
/* End PBXProject section */

/* Begin PBXResourcesBuildPhase section */
		4BB09A9A1DA1CA43000E9F5B /* Resources */ = {
			isa = PBXResourcesBuildPhase;
			buildActionMask = 2147483647;
			files = (
				4BB09AAD1DA1CA43000E9F5B /* LaunchScreen.storyboard in Resources */,
				4BB09AAA1DA1CA43000E9F5B /* Assets.xcassets in Resources */,
				4BB09AA51DA1CA43000E9F5B /* Main.storyboard in Resources */,
			);
			runOnlyForDeploymentPostprocessing = 0;
		};
/* End PBXResourcesBuildPhase section */

/* Begin PBXSourcesBuildPhase section */
		4BB09A981DA1CA43000E9F5B /* Sources */ = {
			isa = PBXSourcesBuildPhase;
			buildActionMask = 2147483647;
			files = (
				4BB09AA21DA1CA43000E9F5B /* ViewController.swift in Sources */,
				4BB09AA81DA1CA43000E9F5B /* PushMyNotice.xcdatamodeld in Sources */,
				4BB09AA01DA1CA43000E9F5B /* AppDelegate.swift in Sources */,
			);
			runOnlyForDeploymentPostprocessing = 0;
		};
/* End PBXSourcesBuildPhase section */

/* Begin PBXVariantGroup section */
		4BB09AA31DA1CA43000E9F5B /* Main.storyboard */ = {
			isa = PBXVariantGroup;
			children = (
				4BB09AA41DA1CA43000E9F5B /* Base */,
			);
			name = Main.storyboard;
			sourceTree = "<group>";
		};
		4BB09AAB1DA1CA43000E9F5B /* LaunchScreen.storyboard */ = {
			isa = PBXVariantGroup;
			children = (
				4BB09AAC1DA1CA43000E9F5B /* Base */,
			);
			name = LaunchScreen.storyboard;
			sourceTree = "<group>";
		};
/* End PBXVariantGroup section */

/* Begin XCBuildConfiguration section */
		4BB09AAF1DA1CA43000E9F5B /* Debug */ = {
			isa = XCBuildConfiguration;
			buildSettings = {
				ALWAYS_SEARCH_USER_PATHS = NO;
				CLANG_ANALYZER_NONNULL = YES;
				CLANG_CXX_LANGUAGE_STANDARD = "gnu++0x";
				CLANG_CXX_LIBRARY = "libc++";
				CLANG_ENABLE_MODULES = YES;
				CLANG_ENABLE_OBJC_ARC = YES;
				CLANG_WARN_BOOL_CONVERSION = YES;
				CLANG_WARN_CONSTANT_CONVERSION = YES;
				CLANG_WARN_DIRECT_OBJC_ISA_USAGE = YES_ERROR;
				CLANG_WARN_DOCUMENTATION_COMMENTS = YES;
				CLANG_WARN_EMPTY_BODY = YES;
				CLANG_WARN_ENUM_CONVERSION = YES;
				CLANG_WARN_INFINITE_RECURSION = YES;
				CLANG_WARN_INT_CONVERSION = YES;
				CLANG_WARN_OBJC_ROOT_CLASS = YES_ERROR;
				CLANG_WARN_SUSPICIOUS_MOVES = YES;
				CLANG_WARN_UNREACHABLE_CODE = YES;
				CLANG_WARN__DUPLICATE_METHOD_MATCH = YES;
				"CODE_SIGN_IDENTITY[sdk=iphoneos*]" = "iPhone Developer";
				COPY_PHASE_STRIP = NO;
				DEBUG_INFORMATION_FORMAT = dwarf;
				ENABLE_STRICT_OBJC_MSGSEND = YES;
				ENABLE_TESTABILITY = YES;
				GCC_C_LANGUAGE_STANDARD = gnu99;
				GCC_DYNAMIC_NO_PIC = NO;
				GCC_NO_COMMON_BLOCKS = YES;
				GCC_OPTIMIZATION_LEVEL = 0;
				GCC_PREPROCESSOR_DEFINITIONS = (
					"DEBUG=1",
					"$(inherited)",
				);
				GCC_WARN_64_TO_32_BIT_CONVERSION = YES;
				GCC_WARN_ABOUT_RETURN_TYPE = YES_ERROR;
				GCC_WARN_UNDECLARED_SELECTOR = YES;
				GCC_WARN_UNINITIALIZED_AUTOS = YES_AGGRESSIVE;
				GCC_WARN_UNUSED_FUNCTION = YES;
				GCC_WARN_UNUSED_VARIABLE = YES;
				IPHONEOS_DEPLOYMENT_TARGET = 10.0;
				MTL_ENABLE_DEBUG_INFO = YES;
				ONLY_ACTIVE_ARCH = YES;
				SDKROOT = iphoneos;
				SWIFT_ACTIVE_COMPILATION_CONDITIONS = DEBUG;
				SWIFT_OPTIMIZATION_LEVEL = "-Onone";
				TARGETED_DEVICE_FAMILY = "1,2";
			};
			name = Debug;
		};
		4BB09AB01DA1CA43000E9F5B /* Release */ = {
			isa = XCBuildConfiguration;
			buildSettings = {
				ALWAYS_SEARCH_USER_PATHS = NO;
				CLANG_ANALYZER_NONNULL = YES;
				CLANG_CXX_LANGUAGE_STANDARD = "gnu++0x";
				CLANG_CXX_LIBRARY = "libc++";
				CLANG_ENABLE_MODULES = YES;
				CLANG_ENABLE_OBJC_ARC = YES;
				CLANG_WARN_BOOL_CONVERSION = YES;
				CLANG_WARN_CONSTANT_CONVERSION = YES;
				CLANG_WARN_DIRECT_OBJC_ISA_USAGE = YES_ERROR;
				CLANG_WARN_DOCUMENTATION_COMMENTS = YES;
				CLANG_WARN_EMPTY_BODY = YES;
				CLANG_WARN_ENUM_CONVERSION = YES;
				CLANG_WARN_INFINITE_RECURSION = YES;
				CLANG_WARN_INT_CONVERSION = YES;
				CLANG_WARN_OBJC_ROOT_CLASS = YES_ERROR;
				CLANG_WARN_SUSPICIOUS_MOVES = YES;
				CLANG_WARN_UNREACHABLE_CODE = YES;
				CLANG_WARN__DUPLICATE_METHOD_MATCH = YES;
				"CODE_SIGN_IDENTITY[sdk=iphoneos*]" = "iPhone Developer";
				COPY_PHASE_STRIP = NO;
				DEBUG_INFORMATION_FORMAT = "dwarf-with-dsym";
				ENABLE_NS_ASSERTIONS = NO;
				ENABLE_STRICT_OBJC_MSGSEND = YES;
				GCC_C_LANGUAGE_STANDARD = gnu99;
				GCC_NO_COMMON_BLOCKS = YES;
				GCC_WARN_64_TO_32_BIT_CONVERSION = YES;
				GCC_WARN_ABOUT_RETURN_TYPE = YES_ERROR;
				GCC_WARN_UNDECLARED_SELECTOR = YES;
				GCC_WARN_UNINITIALIZED_AUTOS = YES_AGGRESSIVE;
				GCC_WARN_UNUSED_FUNCTION = YES;
				GCC_WARN_UNUSED_VARIABLE = YES;
				IPHONEOS_DEPLOYMENT_TARGET = 10.0;
				MTL_ENABLE_DEBUG_INFO = NO;
				SDKROOT = iphoneos;
				SWIFT_OPTIMIZATION_LEVEL = "-Owholemodule";
				TARGETED_DEVICE_FAMILY = "1,2";
				VALIDATE_PRODUCT = YES;
			};
			name = Release;
		};
		4BB09AB21DA1CA43000E9F5B /* Debug */ = {
			isa = XCBuildConfiguration;
			buildSettings = {
				ASSETCATALOG_COMPILER_APPICON_NAME = AppIcon;
				DEVELOPMENT_TEAM = 2UZU9RG3VG;
				INFOPLIST_FILE = PushMyNotice/Info.plist;
				LD_RUNPATH_SEARCH_PATHS = "$(inherited) @executable_path/Frameworks";
				PRODUCT_BUNDLE_IDENTIFIER = com.kelrobertson.PushMyNotice;
				PRODUCT_NAME = "$(TARGET_NAME)";
				SWIFT_VERSION = 3.0;
			};
			name = Debug;
		};
		4BB09AB31DA1CA43000E9F5B /* Release */ = {
			isa = XCBuildConfiguration;
			buildSettings = {
				ASSETCATALOG_COMPILER_APPICON_NAME = AppIcon;
				DEVELOPMENT_TEAM = 2UZU9RG3VG;
				INFOPLIST_FILE = PushMyNotice/Info.plist;
				LD_RUNPATH_SEARCH_PATHS = "$(inherited) @executable_path/Frameworks";
				PRODUCT_BUNDLE_IDENTIFIER = com.kelrobertson.PushMyNotice;
				PRODUCT_NAME = "$(TARGET_NAME)";
				SWIFT_VERSION = 3.0;
			};
			name = Release;
		};
/* End XCBuildConfiguration section */

/* Begin XCConfigurationList section */
		4BB09A971DA1CA43000E9F5B /* Build configuration list for PBXProject "PushMyNotice" */ = {
			isa = XCConfigurationList;
			buildConfigurations = (
				4BB09AAF1DA1CA43000E9F5B /* Debug */,
				4BB09AB01DA1CA43000E9F5B /* Release */,
			);
			defaultConfigurationIsVisible = 0;
			defaultConfigurationName = Release;
		};
		4BB09AB11DA1CA43000E9F5B /* Build configuration list for PBXNativeTarget "PushMyNotice" */ = {
			isa = XCConfigurationList;
			buildConfigurations = (
				4BB09AB21DA1CA43000E9F5B /* Debug */,
				4BB09AB31DA1CA43000E9F5B /* Release */,
			);
			defaultConfigurationIsVisible = 0;
		};
/* End XCConfigurationList section */

/* Begin XCVersionGroup section */
		4BB09AA61DA1CA43000E9F5B /* PushMyNotice.xcdatamodeld */ = {
			isa = XCVersionGroup;
			children = (
				4BB09AA71DA1CA43000E9F5B /* PushMyNotice.xcdatamodel */,
			);
			currentVersion = 4BB09AA71DA1CA43000E9F5B /* PushMyNotice.xcdatamodel */;
			path = PushMyNotice.xcdatamodeld;
			sourceTree = "<group>";
			versionGroupType = wrapper.xcdatamodel;
		};
/* End XCVersionGroup section */
	};
	rootObject = 4BB09A941DA1CA43000E9F5B /* Project object */;
}
